// !$*UTF8*$!
{
	archiveVersion = 1;
	classes = {
	};
	objectVersion = 50;
	objects = {

/* Begin PBXBuildFile section */
		6742F82A214A81A700CF0216 /* NumberCard.swift in Sources */ = {isa = PBXBuildFile; fileRef = 6742F829214A81A700CF0216 /* NumberCard.swift */; };
		6742F82E214AF2FE00CF0216 /* Extensions.swift in Sources */ = {isa = PBXBuildFile; fileRef = 6742F82D214AF2FE00CF0216 /* Extensions.swift */; };
		6742F830215015C400CF0216 /* TitleScene.sks in Resources */ = {isa = PBXBuildFile; fileRef = 6742F82F215015C300CF0216 /* TitleScene.sks */; };
		6742F834215016D600CF0216 /* TitleScreen.swift in Sources */ = {isa = PBXBuildFile; fileRef = 6742F833215016D600CF0216 /* TitleScreen.swift */; };
		9118ACE8214876DD000693DD /* Alien.swift in Sources */ = {isa = PBXBuildFile; fileRef = 9118ACE5214876DD000693DD /* Alien.swift */; };
		9118ACE9214876DD000693DD /* Attack.swift in Sources */ = {isa = PBXBuildFile; fileRef = 9118ACE6214876DD000693DD /* Attack.swift */; };
		9118ACEA214876DD000693DD /* Student.swift in Sources */ = {isa = PBXBuildFile; fileRef = 9118ACE7214876DD000693DD /* Student.swift */; };
		9118ACEC21487717000693DD /* HitBeam.swift in Sources */ = {isa = PBXBuildFile; fileRef = 9118ACEB21487717000693DD /* HitBeam.swift */; };
		913183A721308967009A6CF0 /* AppDelegate.swift in Sources */ = {isa = PBXBuildFile; fileRef = 913183A621308967009A6CF0 /* AppDelegate.swift */; };
		913183A921308968009A6CF0 /* GameScene.sks in Resources */ = {isa = PBXBuildFile; fileRef = 913183A821308968009A6CF0 /* GameScene.sks */; };
		913183AB21308968009A6CF0 /* Actions.sks in Resources */ = {isa = PBXBuildFile; fileRef = 913183AA21308968009A6CF0 /* Actions.sks */; };
		913183AD21308968009A6CF0 /* GameScene.swift in Sources */ = {isa = PBXBuildFile; fileRef = 913183AC21308968009A6CF0 /* GameScene.swift */; };
		913183AF21308968009A6CF0 /* GameViewController.swift in Sources */ = {isa = PBXBuildFile; fileRef = 913183AE21308968009A6CF0 /* GameViewController.swift */; };
		913183B221308968009A6CF0 /* Main.storyboard in Resources */ = {isa = PBXBuildFile; fileRef = 913183B021308968009A6CF0 /* Main.storyboard */; };
		913183B42130896A009A6CF0 /* Assets.xcassets in Resources */ = {isa = PBXBuildFile; fileRef = 913183B32130896A009A6CF0 /* Assets.xcassets */; };
		913183BF2130896A009A6CF0 /* AppleTVGameTests.swift in Sources */ = {isa = PBXBuildFile; fileRef = 913183BE2130896A009A6CF0 /* AppleTVGameTests.swift */; };
		913183CA2130896A009A6CF0 /* AppleTVGameUITests.swift in Sources */ = {isa = PBXBuildFile; fileRef = 913183C92130896A009A6CF0 /* AppleTVGameUITests.swift */; };
		91ADC72721408A9000946C92 /* InfiniteScrollingBackground.swift in Sources */ = {isa = PBXBuildFile; fileRef = 91ADC72621408A8F00946C92 /* InfiniteScrollingBackground.swift */; };
		91E24AAA2153FE48009A9038 /* GameOverView.swift in Sources */ = {isa = PBXBuildFile; fileRef = 91E24AA92153FE48009A9038 /* GameOverView.swift */; };
		91E24AAC21545ED5009A9038 /* FocusableButton.swift in Sources */ = {isa = PBXBuildFile; fileRef = 91E24AAB21545ED5009A9038 /* FocusableButton.swift */; };
		91F757FC2149B07B0065C045 /* BeamBaseParticle_Player.sks in Resources */ = {isa = PBXBuildFile; fileRef = 91F757FA2149B07B0065C045 /* BeamBaseParticle_Player.sks */; };
		91F757FD2149B07B0065C045 /* BeamBaseParticle_Alien.sks in Resources */ = {isa = PBXBuildFile; fileRef = 91F757FB2149B07B0065C045 /* BeamBaseParticle_Alien.sks */; };
/* End PBXBuildFile section */

/* Begin PBXContainerItemProxy section */
		913183BB2130896A009A6CF0 /* PBXContainerItemProxy */ = {
			isa = PBXContainerItemProxy;
			containerPortal = 9131839B21308967009A6CF0 /* Project object */;
			proxyType = 1;
			remoteGlobalIDString = 913183A221308967009A6CF0;
			remoteInfo = AppleTVGame;
		};
		913183C62130896A009A6CF0 /* PBXContainerItemProxy */ = {
			isa = PBXContainerItemProxy;
			containerPortal = 9131839B21308967009A6CF0 /* Project object */;
			proxyType = 1;
			remoteGlobalIDString = 913183A221308967009A6CF0;
			remoteInfo = AppleTVGame;
		};
/* End PBXContainerItemProxy section */

/* Begin PBXFileReference section */
		6742F829214A81A700CF0216 /* NumberCard.swift */ = {isa = PBXFileReference; lastKnownFileType = sourcecode.swift; path = NumberCard.swift; sourceTree = "<group>"; };
		6742F82D214AF2FE00CF0216 /* Extensions.swift */ = {isa = PBXFileReference; fileEncoding = 4; lastKnownFileType = sourcecode.swift; path = Extensions.swift; sourceTree = "<group>"; };
		6742F82F215015C300CF0216 /* TitleScene.sks */ = {isa = PBXFileReference; lastKnownFileType = file.sks; path = TitleScene.sks; sourceTree = "<group>"; };
		6742F833215016D600CF0216 /* TitleScreen.swift */ = {isa = PBXFileReference; lastKnownFileType = sourcecode.swift; path = TitleScreen.swift; sourceTree = "<group>"; };
		9118ACE5214876DD000693DD /* Alien.swift */ = {isa = PBXFileReference; fileEncoding = 4; lastKnownFileType = sourcecode.swift; path = Alien.swift; sourceTree = "<group>"; };
		9118ACE6214876DD000693DD /* Attack.swift */ = {isa = PBXFileReference; fileEncoding = 4; lastKnownFileType = sourcecode.swift; path = Attack.swift; sourceTree = "<group>"; };
		9118ACE7214876DD000693DD /* Student.swift */ = {isa = PBXFileReference; fileEncoding = 4; lastKnownFileType = sourcecode.swift; path = Student.swift; sourceTree = "<group>"; };
		9118ACEB21487717000693DD /* HitBeam.swift */ = {isa = PBXFileReference; lastKnownFileType = sourcecode.swift; path = HitBeam.swift; sourceTree = "<group>"; };
		913183A321308967009A6CF0 /* AppleTVGame.app */ = {isa = PBXFileReference; explicitFileType = wrapper.application; includeInIndex = 0; path = AppleTVGame.app; sourceTree = BUILT_PRODUCTS_DIR; };
		913183A621308967009A6CF0 /* AppDelegate.swift */ = {isa = PBXFileReference; lastKnownFileType = sourcecode.swift; path = AppDelegate.swift; sourceTree = "<group>"; usesTabs = 0; };
		913183A821308968009A6CF0 /* GameScene.sks */ = {isa = PBXFileReference; lastKnownFileType = file.sks; path = GameScene.sks; sourceTree = "<group>"; };
		913183AA21308968009A6CF0 /* Actions.sks */ = {isa = PBXFileReference; lastKnownFileType = file.sks; path = Actions.sks; sourceTree = "<group>"; };
		913183AC21308968009A6CF0 /* GameScene.swift */ = {isa = PBXFileReference; lastKnownFileType = sourcecode.swift; path = GameScene.swift; sourceTree = "<group>"; };
		913183AE21308968009A6CF0 /* GameViewController.swift */ = {isa = PBXFileReference; lastKnownFileType = sourcecode.swift; path = GameViewController.swift; sourceTree = "<group>"; };
		913183B121308968009A6CF0 /* Base */ = {isa = PBXFileReference; lastKnownFileType = file.storyboard; name = Base; path = Base.lproj/Main.storyboard; sourceTree = "<group>"; };
		913183B32130896A009A6CF0 /* Assets.xcassets */ = {isa = PBXFileReference; lastKnownFileType = folder.assetcatalog; path = Assets.xcassets; sourceTree = "<group>"; };
		913183B52130896A009A6CF0 /* Info.plist */ = {isa = PBXFileReference; lastKnownFileType = text.plist.xml; path = Info.plist; sourceTree = "<group>"; };
		913183BA2130896A009A6CF0 /* AppleTVGameTests.xctest */ = {isa = PBXFileReference; explicitFileType = wrapper.cfbundle; includeInIndex = 0; path = AppleTVGameTests.xctest; sourceTree = BUILT_PRODUCTS_DIR; };
		913183BE2130896A009A6CF0 /* AppleTVGameTests.swift */ = {isa = PBXFileReference; lastKnownFileType = sourcecode.swift; path = AppleTVGameTests.swift; sourceTree = "<group>"; };
		913183C02130896A009A6CF0 /* Info.plist */ = {isa = PBXFileReference; lastKnownFileType = text.plist.xml; path = Info.plist; sourceTree = "<group>"; };
		913183C52130896A009A6CF0 /* AppleTVGameUITests.xctest */ = {isa = PBXFileReference; explicitFileType = wrapper.cfbundle; includeInIndex = 0; path = AppleTVGameUITests.xctest; sourceTree = BUILT_PRODUCTS_DIR; };
		913183C92130896A009A6CF0 /* AppleTVGameUITests.swift */ = {isa = PBXFileReference; lastKnownFileType = sourcecode.swift; path = AppleTVGameUITests.swift; sourceTree = "<group>"; };
		913183CB2130896A009A6CF0 /* Info.plist */ = {isa = PBXFileReference; lastKnownFileType = text.plist.xml; path = Info.plist; sourceTree = "<group>"; };
		91ADC72621408A8F00946C92 /* InfiniteScrollingBackground.swift */ = {isa = PBXFileReference; fileEncoding = 4; lastKnownFileType = sourcecode.swift; path = InfiniteScrollingBackground.swift; sourceTree = "<group>"; };
		91E24AA92153FE48009A9038 /* GameOverView.swift */ = {isa = PBXFileReference; lastKnownFileType = sourcecode.swift; name = GameOverView.swift; path = AppleTVGame/View/GameOverView.swift; sourceTree = SOURCE_ROOT; };
		91E24AAB21545ED5009A9038 /* FocusableButton.swift */ = {isa = PBXFileReference; lastKnownFileType = sourcecode.swift; path = FocusableButton.swift; sourceTree = "<group>"; };
		91F757FA2149B07B0065C045 /* BeamBaseParticle_Player.sks */ = {isa = PBXFileReference; lastKnownFileType = file.sks; path = BeamBaseParticle_Player.sks; sourceTree = "<group>"; };
		91F757FB2149B07B0065C045 /* BeamBaseParticle_Alien.sks */ = {isa = PBXFileReference; lastKnownFileType = file.sks; path = BeamBaseParticle_Alien.sks; sourceTree = "<group>"; };
/* End PBXFileReference section */

/* Begin PBXFrameworksBuildPhase section */
		913183A021308967009A6CF0 /* Frameworks */ = {
			isa = PBXFrameworksBuildPhase;
			buildActionMask = 2147483647;
			files = (
			);
			runOnlyForDeploymentPostprocessing = 0;
		};
		913183B72130896A009A6CF0 /* Frameworks */ = {
			isa = PBXFrameworksBuildPhase;
			buildActionMask = 2147483647;
			files = (
			);
			runOnlyForDeploymentPostprocessing = 0;
		};
		913183C22130896A009A6CF0 /* Frameworks */ = {
			isa = PBXFrameworksBuildPhase;
			buildActionMask = 2147483647;
			files = (
			);
			runOnlyForDeploymentPostprocessing = 0;
		};
/* End PBXFrameworksBuildPhase section */

/* Begin PBXGroup section */
		9118ACDD2146E4EC000693DD /* Model */ = {
			isa = PBXGroup;
			children = (
				6742F829214A81A700CF0216 /* NumberCard.swift */,
			);
			path = Model;
			sourceTree = "<group>";
		};
		9131839A21308967009A6CF0 = {
			isa = PBXGroup;
			children = (
				913183A521308967009A6CF0 /* AppleTVGame */,
				913183BD2130896A009A6CF0 /* AppleTVGameTests */,
				913183C82130896A009A6CF0 /* AppleTVGameUITests */,
				913183A421308967009A6CF0 /* Products */,
			);
			sourceTree = "<group>";
		};
		913183A421308967009A6CF0 /* Products */ = {
			isa = PBXGroup;
			children = (
				913183A321308967009A6CF0 /* AppleTVGame.app */,
				913183BA2130896A009A6CF0 /* AppleTVGameTests.xctest */,
				913183C52130896A009A6CF0 /* AppleTVGameUITests.xctest */,
			);
			name = Products;
			sourceTree = "<group>";
		};
		913183A521308967009A6CF0 /* AppleTVGame */ = {
			isa = PBXGroup;
			children = (
				913183A621308967009A6CF0 /* AppDelegate.swift */,
				9118ACDD2146E4EC000693DD /* Model */,
				91ADC72421407DB000946C92 /* View */,
				91ADC72521407DB500946C92 /* Controller */,
				913183B32130896A009A6CF0 /* Assets.xcassets */,
				913183B52130896A009A6CF0 /* Info.plist */,
			);
			path = AppleTVGame;
			sourceTree = "<group>";
		};
		913183BD2130896A009A6CF0 /* AppleTVGameTests */ = {
			isa = PBXGroup;
			children = (
				913183BE2130896A009A6CF0 /* AppleTVGameTests.swift */,
				913183C02130896A009A6CF0 /* Info.plist */,
			);
			path = AppleTVGameTests;
			sourceTree = "<group>";
		};
		913183C82130896A009A6CF0 /* AppleTVGameUITests */ = {
			isa = PBXGroup;
			children = (
				913183C92130896A009A6CF0 /* AppleTVGameUITests.swift */,
				913183CB2130896A009A6CF0 /* Info.plist */,
			);
			path = AppleTVGameUITests;
			sourceTree = "<group>";
		};
		91ADC72421407DB000946C92 /* View */ = {
			isa = PBXGroup;
			children = (
				91C0A85221494A4F00495CA0 /* Characters */,
				91C0A85321494A6300495CA0 /* Effects */,
				913183A821308968009A6CF0 /* GameScene.sks */,
				6742F82F215015C300CF0216 /* TitleScene.sks */,
				6742F833215016D600CF0216 /* TitleScreen.swift */,
				913183B021308968009A6CF0 /* Main.storyboard */,
				91E24AA92153FE48009A9038 /* GameOverView.swift */,
				913183AC21308968009A6CF0 /* GameScene.swift */,
				91E24AAB21545ED5009A9038 /* FocusableButton.swift */,
				6742F82D214AF2FE00CF0216 /* Extensions.swift */,
			);
			path = View;
			sourceTree = "<group>";
		};
		91ADC72521407DB500946C92 /* Controller */ = {
			isa = PBXGroup;
			children = (
				913183AE21308968009A6CF0 /* GameViewController.swift */,
			);
			path = Controller;
			sourceTree = "<group>";
		};
		91C0A85221494A4F00495CA0 /* Characters */ = {
			isa = PBXGroup;
			children = (
				9118ACE5214876DD000693DD /* Alien.swift */,
				9118ACE7214876DD000693DD /* Student.swift */,
			);
			path = Characters;
			sourceTree = "<group>";
		};
		91C0A85321494A6300495CA0 /* Effects */ = {
			isa = PBXGroup;
			children = (
				9118ACE6214876DD000693DD /* Attack.swift */,
				9118ACEB21487717000693DD /* HitBeam.swift */,
				91ADC72621408A8F00946C92 /* InfiniteScrollingBackground.swift */,
				91F757FB2149B07B0065C045 /* BeamBaseParticle_Alien.sks */,
				91F757FA2149B07B0065C045 /* BeamBaseParticle_Player.sks */,
				913183AA21308968009A6CF0 /* Actions.sks */,
			);
			path = Effects;
			sourceTree = "<group>";
		};
/* End PBXGroup section */

/* Begin PBXNativeTarget section */
		913183A221308967009A6CF0 /* AppleTVGame */ = {
			isa = PBXNativeTarget;
			buildConfigurationList = 913183CE2130896A009A6CF0 /* Build configuration list for PBXNativeTarget "AppleTVGame" */;
			buildPhases = (
				9131839F21308967009A6CF0 /* Sources */,
				913183A021308967009A6CF0 /* Frameworks */,
				913183A121308967009A6CF0 /* Resources */,
			);
			buildRules = (
			);
			dependencies = (
			);
			name = AppleTVGame;
			productName = AppleTVGame;
			productReference = 913183A321308967009A6CF0 /* AppleTVGame.app */;
			productType = "com.apple.product-type.application";
		};
		913183B92130896A009A6CF0 /* AppleTVGameTests */ = {
			isa = PBXNativeTarget;
			buildConfigurationList = 913183D12130896A009A6CF0 /* Build configuration list for PBXNativeTarget "AppleTVGameTests" */;
			buildPhases = (
				913183B62130896A009A6CF0 /* Sources */,
				913183B72130896A009A6CF0 /* Frameworks */,
				913183B82130896A009A6CF0 /* Resources */,
			);
			buildRules = (
			);
			dependencies = (
				913183BC2130896A009A6CF0 /* PBXTargetDependency */,
			);
			name = AppleTVGameTests;
			productName = AppleTVGameTests;
			productReference = 913183BA2130896A009A6CF0 /* AppleTVGameTests.xctest */;
			productType = "com.apple.product-type.bundle.unit-test";
		};
		913183C42130896A009A6CF0 /* AppleTVGameUITests */ = {
			isa = PBXNativeTarget;
			buildConfigurationList = 913183D42130896A009A6CF0 /* Build configuration list for PBXNativeTarget "AppleTVGameUITests" */;
			buildPhases = (
				913183C12130896A009A6CF0 /* Sources */,
				913183C22130896A009A6CF0 /* Frameworks */,
				913183C32130896A009A6CF0 /* Resources */,
			);
			buildRules = (
			);
			dependencies = (
				913183C72130896A009A6CF0 /* PBXTargetDependency */,
			);
			name = AppleTVGameUITests;
			productName = AppleTVGameUITests;
			productReference = 913183C52130896A009A6CF0 /* AppleTVGameUITests.xctest */;
			productType = "com.apple.product-type.bundle.ui-testing";
		};
/* End PBXNativeTarget section */

/* Begin PBXProject section */
		9131839B21308967009A6CF0 /* Project object */ = {
			isa = PBXProject;
			attributes = {
				LastSwiftUpdateCheck = 1000;
				LastUpgradeCheck = 1000;
				ORGANIZATIONNAME = "Felipe Kestelman";
				TargetAttributes = {
					913183A221308967009A6CF0 = {
						CreatedOnToolsVersion = 10.0;
					};
					913183B92130896A009A6CF0 = {
						CreatedOnToolsVersion = 10.0;
						TestTargetID = 913183A221308967009A6CF0;
					};
					913183C42130896A009A6CF0 = {
						CreatedOnToolsVersion = 10.0;
						TestTargetID = 913183A221308967009A6CF0;
					};
				};
			};
			buildConfigurationList = 9131839E21308967009A6CF0 /* Build configuration list for PBXProject "AppleTVGame" */;
			compatibilityVersion = "Xcode 9.3";
			developmentRegion = en;
			hasScannedForEncodings = 0;
			knownRegions = (
				en,
				Base,
			);
			mainGroup = 9131839A21308967009A6CF0;
			productRefGroup = 913183A421308967009A6CF0 /* Products */;
			projectDirPath = "";
			projectRoot = "";
			targets = (
				913183A221308967009A6CF0 /* AppleTVGame */,
				913183B92130896A009A6CF0 /* AppleTVGameTests */,
				913183C42130896A009A6CF0 /* AppleTVGameUITests */,
			);
		};
/* End PBXProject section */

/* Begin PBXResourcesBuildPhase section */
		913183A121308967009A6CF0 /* Resources */ = {
			isa = PBXResourcesBuildPhase;
			buildActionMask = 2147483647;
			files = (
				913183B221308968009A6CF0 /* Main.storyboard in Resources */,
				913183A921308968009A6CF0 /* GameScene.sks in Resources */,
				91F757FC2149B07B0065C045 /* BeamBaseParticle_Player.sks in Resources */,
				91F757FD2149B07B0065C045 /* BeamBaseParticle_Alien.sks in Resources */,
				913183B42130896A009A6CF0 /* Assets.xcassets in Resources */,
				913183AB21308968009A6CF0 /* Actions.sks in Resources */,
				6742F830215015C400CF0216 /* TitleScene.sks in Resources */,
			);
			runOnlyForDeploymentPostprocessing = 0;
		};
		913183B82130896A009A6CF0 /* Resources */ = {
			isa = PBXResourcesBuildPhase;
			buildActionMask = 2147483647;
			files = (
			);
			runOnlyForDeploymentPostprocessing = 0;
		};
		913183C32130896A009A6CF0 /* Resources */ = {
			isa = PBXResourcesBuildPhase;
			buildActionMask = 2147483647;
			files = (
			);
			runOnlyForDeploymentPostprocessing = 0;
		};
/* End PBXResourcesBuildPhase section */

/* Begin PBXSourcesBuildPhase section */
		9131839F21308967009A6CF0 /* Sources */ = {
			isa = PBXSourcesBuildPhase;
			buildActionMask = 2147483647;
			files = (
				913183AD21308968009A6CF0 /* GameScene.swift in Sources */,
				91ADC72721408A9000946C92 /* InfiniteScrollingBackground.swift in Sources */,
				6742F834215016D600CF0216 /* TitleScreen.swift in Sources */,
				9118ACEC21487717000693DD /* HitBeam.swift in Sources */,
				913183AF21308968009A6CF0 /* GameViewController.swift in Sources */,
				6742F82A214A81A700CF0216 /* NumberCard.swift in Sources */,
				6742F82E214AF2FE00CF0216 /* Extensions.swift in Sources */,
				9118ACEA214876DD000693DD /* Student.swift in Sources */,
				913183A721308967009A6CF0 /* AppDelegate.swift in Sources */,
				9118ACE8214876DD000693DD /* Alien.swift in Sources */,
				91E24AAC21545ED5009A9038 /* FocusableButton.swift in Sources */,
				91E24AAA2153FE48009A9038 /* GameOverView.swift in Sources */,
				9118ACE9214876DD000693DD /* Attack.swift in Sources */,
			);
			runOnlyForDeploymentPostprocessing = 0;
		};
		913183B62130896A009A6CF0 /* Sources */ = {
			isa = PBXSourcesBuildPhase;
			buildActionMask = 2147483647;
			files = (
				913183BF2130896A009A6CF0 /* AppleTVGameTests.swift in Sources */,
			);
			runOnlyForDeploymentPostprocessing = 0;
		};
		913183C12130896A009A6CF0 /* Sources */ = {
			isa = PBXSourcesBuildPhase;
			buildActionMask = 2147483647;
			files = (
				913183CA2130896A009A6CF0 /* AppleTVGameUITests.swift in Sources */,
			);
			runOnlyForDeploymentPostprocessing = 0;
		};
/* End PBXSourcesBuildPhase section */

/* Begin PBXTargetDependency section */
		913183BC2130896A009A6CF0 /* PBXTargetDependency */ = {
			isa = PBXTargetDependency;
			target = 913183A221308967009A6CF0 /* AppleTVGame */;
			targetProxy = 913183BB2130896A009A6CF0 /* PBXContainerItemProxy */;
		};
		913183C72130896A009A6CF0 /* PBXTargetDependency */ = {
			isa = PBXTargetDependency;
			target = 913183A221308967009A6CF0 /* AppleTVGame */;
			targetProxy = 913183C62130896A009A6CF0 /* PBXContainerItemProxy */;
		};
/* End PBXTargetDependency section */

/* Begin PBXVariantGroup section */
		913183B021308968009A6CF0 /* Main.storyboard */ = {
			isa = PBXVariantGroup;
			children = (
				913183B121308968009A6CF0 /* Base */,
			);
			name = Main.storyboard;
			sourceTree = "<group>";
		};
/* End PBXVariantGroup section */

/* Begin XCBuildConfiguration section */
		913183CC2130896A009A6CF0 /* Debug */ = {
			isa = XCBuildConfiguration;
			buildSettings = {
				ALWAYS_SEARCH_USER_PATHS = NO;
				CLANG_ANALYZER_NONNULL = YES;
				CLANG_ANALYZER_NUMBER_OBJECT_CONVERSION = YES_AGGRESSIVE;
				CLANG_CXX_LANGUAGE_STANDARD = "gnu++14";
				CLANG_CXX_LIBRARY = "libc++";
				CLANG_ENABLE_MODULES = YES;
				CLANG_ENABLE_OBJC_ARC = YES;
				CLANG_ENABLE_OBJC_WEAK = YES;
				CLANG_WARN_BLOCK_CAPTURE_AUTORELEASING = YES;
				CLANG_WARN_BOOL_CONVERSION = YES;
				CLANG_WARN_COMMA = YES;
				CLANG_WARN_CONSTANT_CONVERSION = YES;
				CLANG_WARN_DEPRECATED_OBJC_IMPLEMENTATIONS = YES;
				CLANG_WARN_DIRECT_OBJC_ISA_USAGE = YES_ERROR;
				CLANG_WARN_DOCUMENTATION_COMMENTS = YES;
				CLANG_WARN_EMPTY_BODY = YES;
				CLANG_WARN_ENUM_CONVERSION = YES;
				CLANG_WARN_INFINITE_RECURSION = YES;
				CLANG_WARN_INT_CONVERSION = YES;
				CLANG_WARN_NON_LITERAL_NULL_CONVERSION = YES;
				CLANG_WARN_OBJC_IMPLICIT_RETAIN_SELF = YES;
				CLANG_WARN_OBJC_LITERAL_CONVERSION = YES;
				CLANG_WARN_OBJC_ROOT_CLASS = YES_ERROR;
				CLANG_WARN_RANGE_LOOP_ANALYSIS = YES;
				CLANG_WARN_STRICT_PROTOTYPES = YES;
				CLANG_WARN_SUSPICIOUS_MOVE = YES;
				CLANG_WARN_UNGUARDED_AVAILABILITY = YES_AGGRESSIVE;
				CLANG_WARN_UNREACHABLE_CODE = YES;
				CLANG_WARN__DUPLICATE_METHOD_MATCH = YES;
				COPY_PHASE_STRIP = NO;
				DEBUG_INFORMATION_FORMAT = dwarf;
				ENABLE_STRICT_OBJC_MSGSEND = YES;
				ENABLE_TESTABILITY = YES;
				GCC_C_LANGUAGE_STANDARD = gnu11;
				GCC_DYNAMIC_NO_PIC = NO;
				GCC_NO_COMMON_BLOCKS = YES;
				GCC_OPTIMIZATION_LEVEL = 0;
				GCC_PREPROCESSOR_DEFINITIONS = (
					"DEBUG=1",
					"$(inherited)",
				);
				GCC_WARN_64_TO_32_BIT_CONVERSION = YES;
				GCC_WARN_ABOUT_RETURN_TYPE = YES_ERROR;
				GCC_WARN_UNDECLARED_SELECTOR = YES;
				GCC_WARN_UNINITIALIZED_AUTOS = YES_AGGRESSIVE;
				GCC_WARN_UNUSED_FUNCTION = YES;
				GCC_WARN_UNUSED_VARIABLE = YES;
				MTL_ENABLE_DEBUG_INFO = INCLUDE_SOURCE;
				MTL_FAST_MATH = YES;
				ONLY_ACTIVE_ARCH = YES;
				SDKROOT = appletvos;
				SWIFT_ACTIVE_COMPILATION_CONDITIONS = DEBUG;
				SWIFT_OPTIMIZATION_LEVEL = "-Onone";
				TVOS_DEPLOYMENT_TARGET = 12.0;
			};
			name = Debug;
		};
		913183CD2130896A009A6CF0 /* Release */ = {
			isa = XCBuildConfiguration;
			buildSettings = {
				ALWAYS_SEARCH_USER_PATHS = NO;
				CLANG_ANALYZER_NONNULL = YES;
				CLANG_ANALYZER_NUMBER_OBJECT_CONVERSION = YES_AGGRESSIVE;
				CLANG_CXX_LANGUAGE_STANDARD = "gnu++14";
				CLANG_CXX_LIBRARY = "libc++";
				CLANG_ENABLE_MODULES = YES;
				CLANG_ENABLE_OBJC_ARC = YES;
				CLANG_ENABLE_OBJC_WEAK = YES;
				CLANG_WARN_BLOCK_CAPTURE_AUTORELEASING = YES;
				CLANG_WARN_BOOL_CONVERSION = YES;
				CLANG_WARN_COMMA = YES;
				CLANG_WARN_CONSTANT_CONVERSION = YES;
				CLANG_WARN_DEPRECATED_OBJC_IMPLEMENTATIONS = YES;
				CLANG_WARN_DIRECT_OBJC_ISA_USAGE = YES_ERROR;
				CLANG_WARN_DOCUMENTATION_COMMENTS = YES;
				CLANG_WARN_EMPTY_BODY = YES;
				CLANG_WARN_ENUM_CONVERSION = YES;
				CLANG_WARN_INFINITE_RECURSION = YES;
				CLANG_WARN_INT_CONVERSION = YES;
				CLANG_WARN_NON_LITERAL_NULL_CONVERSION = YES;
				CLANG_WARN_OBJC_IMPLICIT_RETAIN_SELF = YES;
				CLANG_WARN_OBJC_LITERAL_CONVERSION = YES;
				CLANG_WARN_OBJC_ROOT_CLASS = YES_ERROR;
				CLANG_WARN_RANGE_LOOP_ANALYSIS = YES;
				CLANG_WARN_STRICT_PROTOTYPES = YES;
				CLANG_WARN_SUSPICIOUS_MOVE = YES;
				CLANG_WARN_UNGUARDED_AVAILABILITY = YES_AGGRESSIVE;
				CLANG_WARN_UNREACHABLE_CODE = YES;
				CLANG_WARN__DUPLICATE_METHOD_MATCH = YES;
				COPY_PHASE_STRIP = NO;
				DEBUG_INFORMATION_FORMAT = "dwarf-with-dsym";
				ENABLE_NS_ASSERTIONS = NO;
				ENABLE_STRICT_OBJC_MSGSEND = YES;
				GCC_C_LANGUAGE_STANDARD = gnu11;
				GCC_NO_COMMON_BLOCKS = YES;
				GCC_WARN_64_TO_32_BIT_CONVERSION = YES;
				GCC_WARN_ABOUT_RETURN_TYPE = YES_ERROR;
				GCC_WARN_UNDECLARED_SELECTOR = YES;
				GCC_WARN_UNINITIALIZED_AUTOS = YES_AGGRESSIVE;
				GCC_WARN_UNUSED_FUNCTION = YES;
				GCC_WARN_UNUSED_VARIABLE = YES;
				MTL_ENABLE_DEBUG_INFO = NO;
				MTL_FAST_MATH = YES;
				SDKROOT = appletvos;
				SWIFT_COMPILATION_MODE = wholemodule;
				SWIFT_OPTIMIZATION_LEVEL = "-O";
				TVOS_DEPLOYMENT_TARGET = 12.0;
				VALIDATE_PRODUCT = YES;
			};
			name = Release;
		};
		913183CF2130896A009A6CF0 /* Debug */ = {
			isa = XCBuildConfiguration;
			buildSettings = {
				ASSETCATALOG_COMPILER_APPICON_NAME = "App Icon & Top Shelf Image";
				CODE_SIGN_STYLE = Automatic;
				DEVELOPMENT_TEAM = 93LU37KCD9;
				INFOPLIST_FILE = AppleTVGame/Info.plist;
				LD_RUNPATH_SEARCH_PATHS = (
					"$(inherited)",
					"@executable_path/Frameworks",
				);
				PRODUCT_BUNDLE_IDENTIFIER = AppleTVGame.AppleTVGame;
				PRODUCT_NAME = "$(TARGET_NAME)";
				SWIFT_VERSION = 4.2;
				TARGETED_DEVICE_FAMILY = 3;
				TVOS_DEPLOYMENT_TARGET = 11.4;
			};
			name = Debug;
		};
		913183D02130896A009A6CF0 /* Release */ = {
			isa = XCBuildConfiguration;
			buildSettings = {
				ASSETCATALOG_COMPILER_APPICON_NAME = "App Icon & Top Shelf Image";
				CODE_SIGN_STYLE = Automatic;
				DEVELOPMENT_TEAM = 93LU37KCD9;
				INFOPLIST_FILE = AppleTVGame/Info.plist;
				LD_RUNPATH_SEARCH_PATHS = (
					"$(inherited)",
					"@executable_path/Frameworks",
				);
				PRODUCT_BUNDLE_IDENTIFIER = AppleTVGame.AppleTVGame;
				PRODUCT_NAME = "$(TARGET_NAME)";
				SWIFT_VERSION = 4.2;
				TARGETED_DEVICE_FAMILY = 3;
				TVOS_DEPLOYMENT_TARGET = 11.4;
			};
			name = Release;
		};
		913183D22130896A009A6CF0 /* Debug */ = {
			isa = XCBuildConfiguration;
			buildSettings = {
				ALWAYS_EMBED_SWIFT_STANDARD_LIBRARIES = YES;
				BUNDLE_LOADER = "$(TEST_HOST)";
				CODE_SIGN_STYLE = Automatic;
				DEVELOPMENT_TEAM = 93LU37KCD9;
				INFOPLIST_FILE = AppleTVGameTests/Info.plist;
				LD_RUNPATH_SEARCH_PATHS = (
					"$(inherited)",
					"@executable_path/Frameworks",
					"@loader_path/Frameworks",
				);
				PRODUCT_BUNDLE_IDENTIFIER = AppleTVGame.AppleTVGameTests;
				PRODUCT_NAME = "$(TARGET_NAME)";
				SWIFT_VERSION = 4.2;
				TARGETED_DEVICE_FAMILY = 3;
				TEST_HOST = "$(BUILT_PRODUCTS_DIR)/AppleTVGame.app/AppleTVGame";
			};
			name = Debug;
		};
		913183D32130896A009A6CF0 /* Release */ = {
			isa = XCBuildConfiguration;
			buildSettings = {
				ALWAYS_EMBED_SWIFT_STANDARD_LIBRARIES = YES;
				BUNDLE_LOADER = "$(TEST_HOST)";
				CODE_SIGN_STYLE = Automatic;
				DEVELOPMENT_TEAM = 93LU37KCD9;
				INFOPLIST_FILE = AppleTVGameTests/Info.plist;
				LD_RUNPATH_SEARCH_PATHS = (
					"$(inherited)",
					"@executable_path/Frameworks",
					"@loader_path/Frameworks",
				);
				PRODUCT_BUNDLE_IDENTIFIER = AppleTVGame.AppleTVGameTests;
				PRODUCT_NAME = "$(TARGET_NAME)";
				SWIFT_VERSION = 4.2;
				TARGETED_DEVICE_FAMILY = 3;
				TEST_HOST = "$(BUILT_PRODUCTS_DIR)/AppleTVGame.app/AppleTVGame";
			};
			name = Release;
		};
		913183D52130896A009A6CF0 /* Debug */ = {
			isa = XCBuildConfiguration;
			buildSettings = {
				ALWAYS_EMBED_SWIFT_STANDARD_LIBRARIES = YES;
				CODE_SIGN_STYLE = Automatic;
				DEVELOPMENT_TEAM = 93LU37KCD9;
				INFOPLIST_FILE = AppleTVGameUITests/Info.plist;
				LD_RUNPATH_SEARCH_PATHS = (
					"$(inherited)",
					"@executable_path/Frameworks",
					"@loader_path/Frameworks",
				);
				PRODUCT_BUNDLE_IDENTIFIER = AppleTVGame.AppleTVGameUITests;
				PRODUCT_NAME = "$(TARGET_NAME)";
				SWIFT_VERSION = 4.2;
				TARGETED_DEVICE_FAMILY = 3;
				TEST_TARGET_NAME = AppleTVGame;
			};
			name = Debug;
		};
		913183D62130896A009A6CF0 /* Release */ = {
			isa = XCBuildConfiguration;
			buildSettings = {
				ALWAYS_EMBED_SWIFT_STANDARD_LIBRARIES = YES;
				CODE_SIGN_STYLE = Automatic;
				DEVELOPMENT_TEAM = 93LU37KCD9;
				INFOPLIST_FILE = AppleTVGameUITests/Info.plist;
				LD_RUNPATH_SEARCH_PATHS = (
					"$(inherited)",
					"@executable_path/Frameworks",
					"@loader_path/Frameworks",
				);
				PRODUCT_BUNDLE_IDENTIFIER = AppleTVGame.AppleTVGameUITests;
				PRODUCT_NAME = "$(TARGET_NAME)";
				SWIFT_VERSION = 4.2;
				TARGETED_DEVICE_FAMILY = 3;
				TEST_TARGET_NAME = AppleTVGame;
			};
			name = Release;
		};
/* End XCBuildConfiguration section */

/* Begin XCConfigurationList section */
		9131839E21308967009A6CF0 /* Build configuration list for PBXProject "AppleTVGame" */ = {
			isa = XCConfigurationList;
			buildConfigurations = (
				913183CC2130896A009A6CF0 /* Debug */,
				913183CD2130896A009A6CF0 /* Release */,
			);
			defaultConfigurationIsVisible = 0;
			defaultConfigurationName = Release;
		};
		913183CE2130896A009A6CF0 /* Build configuration list for PBXNativeTarget "AppleTVGame" */ = {
			isa = XCConfigurationList;
			buildConfigurations = (
				913183CF2130896A009A6CF0 /* Debug */,
				913183D02130896A009A6CF0 /* Release */,
			);
			defaultConfigurationIsVisible = 0;
			defaultConfigurationName = Release;
		};
		913183D12130896A009A6CF0 /* Build configuration list for PBXNativeTarget "AppleTVGameTests" */ = {
			isa = XCConfigurationList;
			buildConfigurations = (
				913183D22130896A009A6CF0 /* Debug */,
				913183D32130896A009A6CF0 /* Release */,
			);
			defaultConfigurationIsVisible = 0;
			defaultConfigurationName = Release;
		};
		913183D42130896A009A6CF0 /* Build configuration list for PBXNativeTarget "AppleTVGameUITests" */ = {
			isa = XCConfigurationList;
			buildConfigurations = (
				913183D52130896A009A6CF0 /* Debug */,
				913183D62130896A009A6CF0 /* Release */,
			);
			defaultConfigurationIsVisible = 0;
			defaultConfigurationName = Release;
		};
/* End XCConfigurationList section */
	};
	rootObject = 9131839B21308967009A6CF0 /* Project object */;
}
